// !$*UTF8*$!
{
	archiveVersion = 1;
	classes = {
	};
	objectVersion = 56;
	objects = {

/* Begin PBXBuildFile section */
		8B91BCCF2B65A07C00BB8811 /* AppDelegate.swift in Sources */ = {isa = PBXBuildFile; fileRef = 8B91BCCE2B65A07C00BB8811 /* AppDelegate.swift */; };
		8B91BCD12B65A07C00BB8811 /* SceneDelegate.swift in Sources */ = {isa = PBXBuildFile; fileRef = 8B91BCD02B65A07C00BB8811 /* SceneDelegate.swift */; };
		8B91BCD32B65A07C00BB8811 /* ViewController.swift in Sources */ = {isa = PBXBuildFile; fileRef = 8B91BCD22B65A07C00BB8811 /* ViewController.swift */; };
		8B91BCD62B65A07C00BB8811 /* Main.storyboard in Resources */ = {isa = PBXBuildFile; fileRef = 8B91BCD42B65A07C00BB8811 /* Main.storyboard */; };
		8B91BCD82B65A07E00BB8811 /* Assets.xcassets in Resources */ = {isa = PBXBuildFile; fileRef = 8B91BCD72B65A07E00BB8811 /* Assets.xcassets */; };
		8B91BCDB2B65A07E00BB8811 /* LaunchScreen.storyboard in Resources */ = {isa = PBXBuildFile; fileRef = 8B91BCD92B65A07E00BB8811 /* LaunchScreen.storyboard */; };
		8B91BCE62B65A07E00BB8811 /* assignment2Tests.swift in Sources */ = {isa = PBXBuildFile; fileRef = 8B91BCE52B65A07E00BB8811 /* assignment2Tests.swift */; };
		8B91BCF02B65A07E00BB8811 /* assignment2UITests.swift in Sources */ = {isa = PBXBuildFile; fileRef = 8B91BCEF2B65A07E00BB8811 /* assignment2UITests.swift */; };
		8B91BCF22B65A07E00BB8811 /* assignment2UITestsLaunchTests.swift in Sources */ = {isa = PBXBuildFile; fileRef = 8B91BCF12B65A07E00BB8811 /* assignment2UITestsLaunchTests.swift */; };
/* End PBXBuildFile section */

/* Begin PBXContainerItemProxy section */
		8B91BCE22B65A07E00BB8811 /* PBXContainerItemProxy */ = {
			isa = PBXContainerItemProxy;
			containerPortal = 8B91BCC32B65A07C00BB8811 /* Project object */;
			proxyType = 1;
			remoteGlobalIDString = 8B91BCCA2B65A07C00BB8811;
			remoteInfo = assignment2;
		};
		8B91BCEC2B65A07E00BB8811 /* PBXContainerItemProxy */ = {
			isa = PBXContainerItemProxy;
			containerPortal = 8B91BCC32B65A07C00BB8811 /* Project object */;
			proxyType = 1;
			remoteGlobalIDString = 8B91BCCA2B65A07C00BB8811;
			remoteInfo = assignment2;
		};
/* End PBXContainerItemProxy section */

/* Begin PBXFileReference section */
		8B91BCCB2B65A07C00BB8811 /* assignment2.app */ = {isa = PBXFileReference; explicitFileType = wrapper.application; includeInIndex = 0; path = assignment2.app; sourceTree = BUILT_PRODUCTS_DIR; };
		8B91BCCE2B65A07C00BB8811 /* AppDelegate.swift */ = {isa = PBXFileReference; lastKnownFileType = sourcecode.swift; path = AppDelegate.swift; sourceTree = "<group>"; };
		8B91BCD02B65A07C00BB8811 /* SceneDelegate.swift */ = {isa = PBXFileReference; lastKnownFileType = sourcecode.swift; path = SceneDelegate.swift; sourceTree = "<group>"; };
		8B91BCD22B65A07C00BB8811 /* ViewController.swift */ = {isa = PBXFileReference; lastKnownFileType = sourcecode.swift; path = ViewController.swift; sourceTree = "<group>"; };
		8B91BCD52B65A07C00BB8811 /* Base */ = {isa = PBXFileReference; lastKnownFileType = file.storyboard; name = Base; path = Base.lproj/Main.storyboard; sourceTree = "<group>"; };
		8B91BCD72B65A07E00BB8811 /* Assets.xcassets */ = {isa = PBXFileReference; lastKnownFileType = folder.assetcatalog; path = Assets.xcassets; sourceTree = "<group>"; };
		8B91BCDA2B65A07E00BB8811 /* Base */ = {isa = PBXFileReference; lastKnownFileType = file.storyboard; name = Base; path = Base.lproj/LaunchScreen.storyboard; sourceTree = "<group>"; };
		8B91BCDC2B65A07E00BB8811 /* Info.plist */ = {isa = PBXFileReference; lastKnownFileType = text.plist.xml; path = Info.plist; sourceTree = "<group>"; };
		8B91BCE12B65A07E00BB8811 /* assignment2Tests.xctest */ = {isa = PBXFileReference; explicitFileType = wrapper.cfbundle; includeInIndex = 0; path = assignment2Tests.xctest; sourceTree = BUILT_PRODUCTS_DIR; };
		8B91BCE52B65A07E00BB8811 /* assignment2Tests.swift */ = {isa = PBXFileReference; lastKnownFileType = sourcecode.swift; path = assignment2Tests.swift; sourceTree = "<group>"; };
		8B91BCEB2B65A07E00BB8811 /* assignment2UITests.xctest */ = {isa = PBXFileReference; explicitFileType = wrapper.cfbundle; includeInIndex = 0; path = assignment2UITests.xctest; sourceTree = BUILT_PRODUCTS_DIR; };
		8B91BCEF2B65A07E00BB8811 /* assignment2UITests.swift */ = {isa = PBXFileReference; lastKnownFileType = sourcecode.swift; path = assignment2UITests.swift; sourceTree = "<group>"; };
		8B91BCF12B65A07E00BB8811 /* assignment2UITestsLaunchTests.swift */ = {isa = PBXFileReference; lastKnownFileType = sourcecode.swift; path = assignment2UITestsLaunchTests.swift; sourceTree = "<group>"; };
/* End PBXFileReference section */

/* Begin PBXFrameworksBuildPhase section */
		8B91BCC82B65A07C00BB8811 /* Frameworks */ = {
			isa = PBXFrameworksBuildPhase;
			buildActionMask = 2147483647;
			files = (
			);
			runOnlyForDeploymentPostprocessing = 0;
		};
		8B91BCDE2B65A07E00BB8811 /* Frameworks */ = {
			isa = PBXFrameworksBuildPhase;
			buildActionMask = 2147483647;
			files = (
			);
			runOnlyForDeploymentPostprocessing = 0;
		};
		8B91BCE82B65A07E00BB8811 /* Frameworks */ = {
			isa = PBXFrameworksBuildPhase;
			buildActionMask = 2147483647;
			files = (
			);
			runOnlyForDeploymentPostprocessing = 0;
		};
/* End PBXFrameworksBuildPhase section */

/* Begin PBXGroup section */
		8B91BCC22B65A07C00BB8811 = {
			isa = PBXGroup;
			children = (
				8B91BCCD2B65A07C00BB8811 /* assignment2 */,
				8B91BCE42B65A07E00BB8811 /* assignment2Tests */,
				8B91BCEE2B65A07E00BB8811 /* assignment2UITests */,
				8B91BCCC2B65A07C00BB8811 /* Products */,
			);
			sourceTree = "<group>";
		};
		8B91BCCC2B65A07C00BB8811 /* Products */ = {
			isa = PBXGroup;
			children = (
				8B91BCCB2B65A07C00BB8811 /* assignment2.app */,
				8B91BCE12B65A07E00BB8811 /* assignment2Tests.xctest */,
				8B91BCEB2B65A07E00BB8811 /* assignment2UITests.xctest */,
			);
			name = Products;
			sourceTree = "<group>";
		};
		8B91BCCD2B65A07C00BB8811 /* assignment2 */ = {
			isa = PBXGroup;
			children = (
				8B91BCCE2B65A07C00BB8811 /* AppDelegate.swift */,
				8B91BCD02B65A07C00BB8811 /* SceneDelegate.swift */,
				8B91BCD22B65A07C00BB8811 /* ViewController.swift */,
				8B91BCD42B65A07C00BB8811 /* Main.storyboard */,
				8B91BCD72B65A07E00BB8811 /* Assets.xcassets */,
				8B91BCD92B65A07E00BB8811 /* LaunchScreen.storyboard */,
				8B91BCDC2B65A07E00BB8811 /* Info.plist */,
			);
			path = assignment2;
			sourceTree = "<group>";
		};
		8B91BCE42B65A07E00BB8811 /* assignment2Tests */ = {
			isa = PBXGroup;
			children = (
				8B91BCE52B65A07E00BB8811 /* assignment2Tests.swift */,
			);
			path = assignment2Tests;
			sourceTree = "<group>";
		};
		8B91BCEE2B65A07E00BB8811 /* assignment2UITests */ = {
			isa = PBXGroup;
			children = (
				8B91BCEF2B65A07E00BB8811 /* assignment2UITests.swift */,
				8B91BCF12B65A07E00BB8811 /* assignment2UITestsLaunchTests.swift */,
			);
			path = assignment2UITests;
			sourceTree = "<group>";
		};
/* End PBXGroup section */

/* Begin PBXNativeTarget section */
		8B91BCCA2B65A07C00BB8811 /* assignment2 */ = {
			isa = PBXNativeTarget;
			buildConfigurationList = 8B91BCF52B65A07E00BB8811 /* Build configuration list for PBXNativeTarget "assignment2" */;
			buildPhases = (
				8B91BCC72B65A07C00BB8811 /* Sources */,
				8B91BCC82B65A07C00BB8811 /* Frameworks */,
				8B91BCC92B65A07C00BB8811 /* Resources */,
			);
			buildRules = (
			);
			dependencies = (
			);
			name = assignment2;
			productName = assignment2;
			productReference = 8B91BCCB2B65A07C00BB8811 /* assignment2.app */;
			productType = "com.apple.product-type.application";
		};
		8B91BCE02B65A07E00BB8811 /* assignment2Tests */ = {
			isa = PBXNativeTarget;
			buildConfigurationList = 8B91BCF82B65A07E00BB8811 /* Build configuration list for PBXNativeTarget "assignment2Tests" */;
			buildPhases = (
				8B91BCDD2B65A07E00BB8811 /* Sources */,
				8B91BCDE2B65A07E00BB8811 /* Frameworks */,
				8B91BCDF2B65A07E00BB8811 /* Resources */,
			);
			buildRules = (
			);
			dependencies = (
				8B91BCE32B65A07E00BB8811 /* PBXTargetDependency */,
			);
			name = assignment2Tests;
			productName = assignment2Tests;
			productReference = 8B91BCE12B65A07E00BB8811 /* assignment2Tests.xctest */;
			productType = "com.apple.product-type.bundle.unit-test";
		};
		8B91BCEA2B65A07E00BB8811 /* assignment2UITests */ = {
			isa = PBXNativeTarget;
			buildConfigurationList = 8B91BCFB2B65A07E00BB8811 /* Build configuration list for PBXNativeTarget "assignment2UITests" */;
			buildPhases = (
				8B91BCE72B65A07E00BB8811 /* Sources */,
				8B91BCE82B65A07E00BB8811 /* Frameworks */,
				8B91BCE92B65A07E00BB8811 /* Resources */,
			);
			buildRules = (
			);
			dependencies = (
				8B91BCED2B65A07E00BB8811 /* PBXTargetDependency */,
			);
			name = assignment2UITests;
			productName = assignment2UITests;
			productReference = 8B91BCEB2B65A07E00BB8811 /* assignment2UITests.xctest */;
			productType = "com.apple.product-type.bundle.ui-testing";
		};
/* End PBXNativeTarget section */

/* Begin PBXProject section */
		8B91BCC32B65A07C00BB8811 /* Project object */ = {
			isa = PBXProject;
			attributes = {
				BuildIndependentTargetsInParallel = 1;
				LastSwiftUpdateCheck = 1420;
				LastUpgradeCheck = 1420;
				TargetAttributes = {
					8B91BCCA2B65A07C00BB8811 = {
						CreatedOnToolsVersion = 14.2;
					};
					8B91BCE02B65A07E00BB8811 = {
						CreatedOnToolsVersion = 14.2;
						TestTargetID = 8B91BCCA2B65A07C00BB8811;
					};
					8B91BCEA2B65A07E00BB8811 = {
						CreatedOnToolsVersion = 14.2;
						TestTargetID = 8B91BCCA2B65A07C00BB8811;
					};
				};
			};
			buildConfigurationList = 8B91BCC62B65A07C00BB8811 /* Build configuration list for PBXProject "assignment2" */;
			compatibilityVersion = "Xcode 14.0";
			developmentRegion = en;
			hasScannedForEncodings = 0;
			knownRegions = (
				en,
				Base,
			);
			mainGroup = 8B91BCC22B65A07C00BB8811;
			productRefGroup = 8B91BCCC2B65A07C00BB8811 /* Products */;
			projectDirPath = "";
			projectRoot = "";
			targets = (
				8B91BCCA2B65A07C00BB8811 /* assignment2 */,
				8B91BCE02B65A07E00BB8811 /* assignment2Tests */,
				8B91BCEA2B65A07E00BB8811 /* assignment2UITests */,
			);
		};
/* End PBXProject section */

/* Begin PBXResourcesBuildPhase section */
		8B91BCC92B65A07C00BB8811 /* Resources */ = {
			isa = PBXResourcesBuildPhase;
			buildActionMask = 2147483647;
			files = (
				8B91BCDB2B65A07E00BB8811 /* LaunchScreen.storyboard in Resources */,
				8B91BCD82B65A07E00BB8811 /* Assets.xcassets in Resources */,
				8B91BCD62B65A07C00BB8811 /* Main.storyboard in Resources */,
			);
			runOnlyForDeploymentPostprocessing = 0;
		};
		8B91BCDF2B65A07E00BB8811 /* Resources */ = {
			isa = PBXResourcesBuildPhase;
			buildActionMask = 2147483647;
			files = (
			);
			runOnlyForDeploymentPostprocessing = 0;
		};
		8B91BCE92B65A07E00BB8811 /* Resources */ = {
			isa = PBXResourcesBuildPhase;
			buildActionMask = 2147483647;
			files = (
			);
			runOnlyForDeploymentPostprocessing = 0;
		};
/* End PBXResourcesBuildPhase section */

/* Begin PBXSourcesBuildPhase section */
		8B91BCC72B65A07C00BB8811 /* Sources */ = {
			isa = PBXSourcesBuildPhase;
			buildActionMask = 2147483647;
			files = (
				8B91BCD32B65A07C00BB8811 /* ViewController.swift in Sources */,
				8B91BCCF2B65A07C00BB8811 /* AppDelegate.swift in Sources */,
				8B91BCD12B65A07C00BB8811 /* SceneDelegate.swift in Sources */,
			);
			runOnlyForDeploymentPostprocessing = 0;
		};
		8B91BCDD2B65A07E00BB8811 /* Sources */ = {
			isa = PBXSourcesBuildPhase;
			buildActionMask = 2147483647;
			files = (
				8B91BCE62B65A07E00BB8811 /* assignment2Tests.swift in Sources */,
			);
			runOnlyForDeploymentPostprocessing = 0;
		};
		8B91BCE72B65A07E00BB8811 /* Sources */ = {
			isa = PBXSourcesBuildPhase;
			buildActionMask = 2147483647;
			files = (
				8B91BCF22B65A07E00BB8811 /* assignment2UITestsLaunchTests.swift in Sources */,
				8B91BCF02B65A07E00BB8811 /* assignment2UITests.swift in Sources */,
			);
			runOnlyForDeploymentPostprocessing = 0;
		};
/* End PBXSourcesBuildPhase section */

/* Begin PBXTargetDependency section */
		8B91BCE32B65A07E00BB8811 /* PBXTargetDependency */ = {
			isa = PBXTargetDependency;
			target = 8B91BCCA2B65A07C00BB8811 /* assignment2 */;
			targetProxy = 8B91BCE22B65A07E00BB8811 /* PBXContainerItemProxy */;
		};
		8B91BCED2B65A07E00BB8811 /* PBXTargetDependency */ = {
			isa = PBXTargetDependency;
			target = 8B91BCCA2B65A07C00BB8811 /* assignment2 */;
			targetProxy = 8B91BCEC2B65A07E00BB8811 /* PBXContainerItemProxy */;
		};
/* End PBXTargetDependency section */

/* Begin PBXVariantGroup section */
		8B91BCD42B65A07C00BB8811 /* Main.storyboard */ = {
			isa = PBXVariantGroup;
			children = (
				8B91BCD52B65A07C00BB8811 /* Base */,
			);
			name = Main.storyboard;
			sourceTree = "<group>";
		};
		8B91BCD92B65A07E00BB8811 /* LaunchScreen.storyboard */ = {
			isa = PBXVariantGroup;
			children = (
				8B91BCDA2B65A07E00BB8811 /* Base */,
			);
			name = LaunchScreen.storyboard;
			sourceTree = "<group>";
		};
/* End PBXVariantGroup section */

/* Begin XCBuildConfiguration section */
		8B91BCF32B65A07E00BB8811 /* Debug */ = {
			isa = XCBuildConfiguration;
			buildSettings = {
				ALWAYS_SEARCH_USER_PATHS = NO;
				CLANG_ANALYZER_NONNULL = YES;
				CLANG_ANALYZER_NUMBER_OBJECT_CONVERSION = YES_AGGRESSIVE;
				CLANG_CXX_LANGUAGE_STANDARD = "gnu++20";
				CLANG_ENABLE_MODULES = YES;
				CLANG_ENABLE_OBJC_ARC = YES;
				CLANG_ENABLE_OBJC_WEAK = YES;
				CLANG_WARN_BLOCK_CAPTURE_AUTORELEASING = YES;
				CLANG_WARN_BOOL_CONVERSION = YES;
				CLANG_WARN_COMMA = YES;
				CLANG_WARN_CONSTANT_CONVERSION = YES;
				CLANG_WARN_DEPRECATED_OBJC_IMPLEMENTATIONS = YES;
				CLANG_WARN_DIRECT_OBJC_ISA_USAGE = YES_ERROR;
				CLANG_WARN_DOCUMENTATION_COMMENTS = YES;
				CLANG_WARN_EMPTY_BODY = YES;
				CLANG_WARN_ENUM_CONVERSION = YES;
				CLANG_WARN_INFINITE_RECURSION = YES;
				CLANG_WARN_INT_CONVERSION = YES;
				CLANG_WARN_NON_LITERAL_NULL_CONVERSION = YES;
				CLANG_WARN_OBJC_IMPLICIT_RETAIN_SELF = YES;
				CLANG_WARN_OBJC_LITERAL_CONVERSION = YES;
				CLANG_WARN_OBJC_ROOT_CLASS = YES_ERROR;
				CLANG_WARN_QUOTED_INCLUDE_IN_FRAMEWORK_HEADER = YES;
				CLANG_WARN_RANGE_LOOP_ANALYSIS = YES;
				CLANG_WARN_STRICT_PROTOTYPES = YES;
				CLANG_WARN_SUSPICIOUS_MOVE = YES;
				CLANG_WARN_UNGUARDED_AVAILABILITY = YES_AGGRESSIVE;
				CLANG_WARN_UNREACHABLE_CODE = YES;
				CLANG_WARN__DUPLICATE_METHOD_MATCH = YES;
				COPY_PHASE_STRIP = NO;
				DEBUG_INFORMATION_FORMAT = dwarf;
				ENABLE_STRICT_OBJC_MSGSEND = YES;
				ENABLE_TESTABILITY = YES;
				GCC_C_LANGUAGE_STANDARD = gnu11;
				GCC_DYNAMIC_NO_PIC = NO;
				GCC_NO_COMMON_BLOCKS = YES;
				GCC_OPTIMIZATION_LEVEL = 0;
				GCC_PREPROCESSOR_DEFINITIONS = (
					"DEBUG=1",
					"$(inherited)",
				);
				GCC_WARN_64_TO_32_BIT_CONVERSION = YES;
				GCC_WARN_ABOUT_RETURN_TYPE = YES_ERROR;
				GCC_WARN_UNDECLARED_SELECTOR = YES;
				GCC_WARN_UNINITIALIZED_AUTOS = YES_AGGRESSIVE;
				GCC_WARN_UNUSED_FUNCTION = YES;
				GCC_WARN_UNUSED_VARIABLE = YES;
				IPHONEOS_DEPLOYMENT_TARGET = 16.2;
				MTL_ENABLE_DEBUG_INFO = INCLUDE_SOURCE;
				MTL_FAST_MATH = YES;
				ONLY_ACTIVE_ARCH = YES;
				SDKROOT = iphoneos;
				SWIFT_ACTIVE_COMPILATION_CONDITIONS = DEBUG;
				SWIFT_OPTIMIZATION_LEVEL = "-Onone";
			};
			name = Debug;
		};
		8B91BCF42B65A07E00BB8811 /* Release */ = {
			isa = XCBuildConfiguration;
			buildSettings = {
				ALWAYS_SEARCH_USER_PATHS = NO;
				CLANG_ANALYZER_NONNULL = YES;
				CLANG_ANALYZER_NUMBER_OBJECT_CONVERSION = YES_AGGRESSIVE;
				CLANG_CXX_LANGUAGE_STANDARD = "gnu++20";
				CLANG_ENABLE_MODULES = YES;
				CLANG_ENABLE_OBJC_ARC = YES;
				CLANG_ENABLE_OBJC_WEAK = YES;
				CLANG_WARN_BLOCK_CAPTURE_AUTORELEASING = YES;
				CLANG_WARN_BOOL_CONVERSION = YES;
				CLANG_WARN_COMMA = YES;
				CLANG_WARN_CONSTANT_CONVERSION = YES;
				CLANG_WARN_DEPRECATED_OBJC_IMPLEMENTATIONS = YES;
				CLANG_WARN_DIRECT_OBJC_ISA_USAGE = YES_ERROR;
				CLANG_WARN_DOCUMENTATION_COMMENTS = YES;
				CLANG_WARN_EMPTY_BODY = YES;
				CLANG_WARN_ENUM_CONVERSION = YES;
				CLANG_WARN_INFINITE_RECURSION = YES;
				CLANG_WARN_INT_CONVERSION = YES;
				CLANG_WARN_NON_LITERAL_NULL_CONVERSION = YES;
				CLANG_WARN_OBJC_IMPLICIT_RETAIN_SELF = YES;
				CLANG_WARN_OBJC_LITERAL_CONVERSION = YES;
				CLANG_WARN_OBJC_ROOT_CLASS = YES_ERROR;
				CLANG_WARN_QUOTED_INCLUDE_IN_FRAMEWORK_HEADER = YES;
				CLANG_WARN_RANGE_LOOP_ANALYSIS = YES;
				CLANG_WARN_STRICT_PROTOTYPES = YES;
				CLANG_WARN_SUSPICIOUS_MOVE = YES;
				CLANG_WARN_UNGUARDED_AVAILABILITY = YES_AGGRESSIVE;
				CLANG_WARN_UNREACHABLE_CODE = YES;
				CLANG_WARN__DUPLICATE_METHOD_MATCH = YES;
				COPY_PHASE_STRIP = NO;
				DEBUG_INFORMATION_FORMAT = "dwarf-with-dsym";
				ENABLE_NS_ASSERTIONS = NO;
				ENABLE_STRICT_OBJC_MSGSEND = YES;
				GCC_C_LANGUAGE_STANDARD = gnu11;
				GCC_NO_COMMON_BLOCKS = YES;
				GCC_WARN_64_TO_32_BIT_CONVERSION = YES;
				GCC_WARN_ABOUT_RETURN_TYPE = YES_ERROR;
				GCC_WARN_UNDECLARED_SELECTOR = YES;
				GCC_WARN_UNINITIALIZED_AUTOS = YES_AGGRESSIVE;
				GCC_WARN_UNUSED_FUNCTION = YES;
				GCC_WARN_UNUSED_VARIABLE = YES;
				IPHONEOS_DEPLOYMENT_TARGET = 16.2;
				MTL_ENABLE_DEBUG_INFO = NO;
				MTL_FAST_MATH = YES;
				SDKROOT = iphoneos;
				SWIFT_COMPILATION_MODE = wholemodule;
				SWIFT_OPTIMIZATION_LEVEL = "-O";
				VALIDATE_PRODUCT = YES;
			};
			name = Release;
		};
		8B91BCF62B65A07E00BB8811 /* Debug */ = {
			isa = XCBuildConfiguration;
			buildSettings = {
				ASSETCATALOG_COMPILER_APPICON_NAME = AppIcon;
				ASSETCATALOG_COMPILER_GLOBAL_ACCENT_COLOR_NAME = AccentColor;
				CODE_SIGN_STYLE = Automatic;
				CURRENT_PROJECT_VERSION = 1;
				GENERATE_INFOPLIST_FILE = YES;
				INFOPLIST_FILE = assignment2/Info.plist;
				INFOPLIST_KEY_UIApplicationSupportsIndirectInputEvents = YES;
				INFOPLIST_KEY_UILaunchStoryboardName = LaunchScreen;
				INFOPLIST_KEY_UIMainStoryboardFile = Main;
				INFOPLIST_KEY_UISupportedInterfaceOrientations_iPad = "UIInterfaceOrientationPortrait UIInterfaceOrientationPortraitUpsideDown UIInterfaceOrientationLandscapeLeft UIInterfaceOrientationLandscapeRight";
				INFOPLIST_KEY_UISupportedInterfaceOrientations_iPhone = "UIInterfaceOrientationPortrait UIInterfaceOrientationLandscapeLeft UIInterfaceOrientationLandscapeRight";
				LD_RUNPATH_SEARCH_PATHS = (
					"$(inherited)",
					"@executable_path/Frameworks",
				);
				MARKETING_VERSION = 1.0;
				PRODUCT_BUNDLE_IDENTIFIER = "Com.conestoga-week3.assignment2";
				PRODUCT_NAME = "$(TARGET_NAME)";
				SWIFT_EMIT_LOC_STRINGS = YES;
				SWIFT_VERSION = 5.0;
				TARGETED_DEVICE_FAMILY = "1,2";
			};
			name = Debug;
		};
		8B91BCF72B65A07E00BB8811 /* Release */ = {
			isa = XCBuildConfiguration;
			buildSettings = {
				ASSETCATALOG_COMPILER_APPICON_NAME = AppIcon;
				ASSETCATALOG_COMPILER_GLOBAL_ACCENT_COLOR_NAME = AccentColor;
				CODE_SIGN_STYLE = Automatic;
				CURRENT_PROJECT_VERSION = 1;
				GENERATE_INFOPLIST_FILE = YES;
				INFOPLIST_FILE = assignment2/Info.plist;
				INFOPLIST_KEY_UIApplicationSupportsIndirectInputEvents = YES;
				INFOPLIST_KEY_UILaunchStoryboardName = LaunchScreen;
				INFOPLIST_KEY_UIMainStoryboardFile = Main;
				INFOPLIST_KEY_UISupportedInterfaceOrientations_iPad = "UIInterfaceOrientationPortrait UIInterfaceOrientationPortraitUpsideDown UIInterfaceOrientationLandscapeLeft UIInterfaceOrientationLandscapeRight";
				INFOPLIST_KEY_UISupportedInterfaceOrientations_iPhone = "UIInterfaceOrientationPortrait UIInterfaceOrientationLandscapeLeft UIInterfaceOrientationLandscapeRight";
				LD_RUNPATH_SEARCH_PATHS = (
					"$(inherited)",
					"@executable_path/Frameworks",
				);
				MARKETING_VERSION = 1.0;
				PRODUCT_BUNDLE_IDENTIFIER = "Com.conestoga-week3.assignment2";
				PRODUCT_NAME = "$(TARGET_NAME)";
				SWIFT_EMIT_LOC_STRINGS = YES;
				SWIFT_VERSION = 5.0;
				TARGETED_DEVICE_FAMILY = "1,2";
			};
			name = Release;
		};
		8B91BCF92B65A07E00BB8811 /* Debug */ = {
			isa = XCBuildConfiguration;
			buildSettings = {
				ALWAYS_EMBED_SWIFT_STANDARD_LIBRARIES = YES;
				BUNDLE_LOADER = "$(TEST_HOST)";
				CODE_SIGN_STYLE = Automatic;
				CURRENT_PROJECT_VERSION = 1;
				GENERATE_INFOPLIST_FILE = YES;
				IPHONEOS_DEPLOYMENT_TARGET = 16.2;
				MARKETING_VERSION = 1.0;
				PRODUCT_BUNDLE_IDENTIFIER = "Com.conestoga-week3.assignment2Tests";
				PRODUCT_NAME = "$(TARGET_NAME)";
				SWIFT_EMIT_LOC_STRINGS = NO;
				SWIFT_VERSION = 5.0;
				TARGETED_DEVICE_FAMILY = "1,2";
				TEST_HOST = "$(BUILT_PRODUCTS_DIR)/assignment2.app/$(BUNDLE_EXECUTABLE_FOLDER_PATH)/assignment2";
			};
			name = Debug;
		};
		8B91BCFA2B65A07E00BB8811 /* Release */ = {
			isa = XCBuildConfiguration;
			buildSettings = {
				ALWAYS_EMBED_SWIFT_STANDARD_LIBRARIES = YES;
				BUNDLE_LOADER = "$(TEST_HOST)";
				CODE_SIGN_STYLE = Automatic;
				CURRENT_PROJECT_VERSION = 1;
				GENERATE_INFOPLIST_FILE = YES;
				IPHONEOS_DEPLOYMENT_TARGET = 16.2;
				MARKETING_VERSION = 1.0;
				PRODUCT_BUNDLE_IDENTIFIER = "Com.conestoga-week3.assignment2Tests";
				PRODUCT_NAME = "$(TARGET_NAME)";
				SWIFT_EMIT_LOC_STRINGS = NO;
				SWIFT_VERSION = 5.0;
				TARGETED_DEVICE_FAMILY = "1,2";
				TEST_HOST = "$(BUILT_PRODUCTS_DIR)/assignment2.app/$(BUNDLE_EXECUTABLE_FOLDER_PATH)/assignment2";
			};
			name = Release;
		};
		8B91BCFC2B65A07E00BB8811 /* Debug */ = {
			isa = XCBuildConfiguration;
			buildSettings = {
				ALWAYS_EMBED_SWIFT_STANDARD_LIBRARIES = YES;
				CODE_SIGN_STYLE = Automatic;
				CURRENT_PROJECT_VERSION = 1;
				GENERATE_INFOPLIST_FILE = YES;
				MARKETING_VERSION = 1.0;
				PRODUCT_BUNDLE_IDENTIFIER = "Com.conestoga-week3.assignment2UITests";
				PRODUCT_NAME = "$(TARGET_NAME)";
				SWIFT_EMIT_LOC_STRINGS = NO;
				SWIFT_VERSION = 5.0;
				TARGETED_DEVICE_FAMILY = "1,2";
				TEST_TARGET_NAME = assignment2;
			};
			name = Debug;
		};
		8B91BCFD2B65A07E00BB8811 /* Release */ = {
			isa = XCBuildConfiguration;
			buildSettings = {
				ALWAYS_EMBED_SWIFT_STANDARD_LIBRARIES = YES;
				CODE_SIGN_STYLE = Automatic;
				CURRENT_PROJECT_VERSION = 1;
				GENERATE_INFOPLIST_FILE = YES;
				MARKETING_VERSION = 1.0;
				PRODUCT_BUNDLE_IDENTIFIER = "Com.conestoga-week3.assignment2UITests";
				PRODUCT_NAME = "$(TARGET_NAME)";
				SWIFT_EMIT_LOC_STRINGS = NO;
				SWIFT_VERSION = 5.0;
				TARGETED_DEVICE_FAMILY = "1,2";
				TEST_TARGET_NAME = assignment2;
			};
			name = Release;
		};
/* End XCBuildConfiguration section */

/* Begin XCConfigurationList section */
		8B91BCC62B65A07C00BB8811 /* Build configuration list for PBXProject "assignment2" */ = {
			isa = XCConfigurationList;
			buildConfigurations = (
				8B91BCF32B65A07E00BB8811 /* Debug */,
				8B91BCF42B65A07E00BB8811 /* Release */,
			);
			defaultConfigurationIsVisible = 0;
			defaultConfigurationName = Release;
		};
		8B91BCF52B65A07E00BB8811 /* Build configuration list for PBXNativeTarget "assignment2" */ = {
			isa = XCConfigurationList;
			buildConfigurations = (
				8B91BCF62B65A07E00BB8811 /* Debug */,
				8B91BCF72B65A07E00BB8811 /* Release */,
			);
			defaultConfigurationIsVisible = 0;
			defaultConfigurationName = Release;
		};
		8B91BCF82B65A07E00BB8811 /* Build configuration list for PBXNativeTarget "assignment2Tests" */ = {
			isa = XCConfigurationList;
			buildConfigurations = (
				8B91BCF92B65A07E00BB8811 /* Debug */,
				8B91BCFA2B65A07E00BB8811 /* Release */,
			);
			defaultConfigurationIsVisible = 0;
			defaultConfigurationName = Release;
		};
		8B91BCFB2B65A07E00BB8811 /* Build configuration list for PBXNativeTarget "assignment2UITests" */ = {
			isa = XCConfigurationList;
			buildConfigurations = (
				8B91BCFC2B65A07E00BB8811 /* Debug */,
				8B91BCFD2B65A07E00BB8811 /* Release */,
			);
			defaultConfigurationIsVisible = 0;
			defaultConfigurationName = Release;
		};
/* End XCConfigurationList section */
	};
	rootObject = 8B91BCC32B65A07C00BB8811 /* Project object */;
}
